
Microsoft Visual Studio Solution File, Format Version 11.00
# Visual Studio 2010
Project("{FAE04EC0-301F-11D3-BF4B-00C04F79EFBC}") = "PixelProject", "Assembly-CSharp-firstpass.csproj", "{D9825F30-D7F5-B2C5-17D4-8454BFB86A8A}"
EndProject
Project("{FAE04EC0-301F-11D3-BF4B-00C04F79EFBC}") = "PixelProject", "Assembly-CSharp.csproj", "{155D7045-C262-D255-B7D3-E45790B737B0}"
EndProject
Project("{FAE04EC0-301F-11D3-BF4B-00C04F79EFBC}") = "PixelProject", "Assembly-CSharp-Editor-firstpass.csproj", "{5928F14C-60F4-1EDD-23D4-7EA72918E4A2}"
EndProject
Global
	GlobalSection(SolutionConfigurationPlatforms) = preSolution
		Debug|Any CPU = Debug|Any CPU
		Release|Any CPU = Release|Any CPU
	EndGlobalSection
	GlobalSection(ProjectConfigurationPlatforms) = postSolution
		{D9825F30-D7F5-B2C5-17D4-8454BFB86A8A}.Debug|Any CPU.ActiveCfg = Debug|Any CPU
		{D9825F30-D7F5-B2C5-17D4-8454BFB86A8A}.Debug|Any CPU.Build.0 = Debug|Any CPU
		{D9825F30-D7F5-B2C5-17D4-8454BFB86A8A}.Release|Any CPU.ActiveCfg = Release|Any CPU
		{D9825F30-D7F5-B2C5-17D4-8454BFB86A8A}.Release|Any CPU.Build.0 = Release|Any CPU
		{155D7045-C262-D255-B7D3-E45790B737B0}.Debug|Any CPU.ActiveCfg = Debug|Any CPU
		{155D7045-C262-D255-B7D3-E45790B737B0}.Debug|Any CPU.Build.0 = Debug|Any CPU
		{155D7045-C262-D255-B7D3-E45790B737B0}.Release|Any CPU.ActiveCfg = Release|Any CPU
		{155D7045-C262-D255-B7D3-E45790B737B0}.Release|Any CPU.Build.0 = Release|Any CPU
		{5928F14C-60F4-1EDD-23D4-7EA72918E4A2}.Debug|Any CPU.ActiveCfg = Debug|Any CPU
		{5928F14C-60F4-1EDD-23D4-7EA72918E4A2}.Debug|Any CPU.Build.0 = Debug|Any CPU
		{5928F14C-60F4-1EDD-23D4-7EA72918E4A2}.Release|Any CPU.ActiveCfg = Release|Any CPU
		{5928F14C-60F4-1EDD-23D4-7EA72918E4A2}.Release|Any CPU.Build.0 = Release|Any CPU
	EndGlobalSection
	GlobalSection(SolutionProperties) = preSolution
		HideSolutionNode = FALSE
	EndGlobalSection
	GlobalSection(MonoDevelopProperties) = preSolution
		StartupItem = Assembly-CSharp.csproj
	EndGlobalSection
EndGlobal
